{
  "name": "03_实验代码",
  "lockfileVersion": 3,
  "requires": true,
  "packages": {
    "": {
      "dependencies": {
        "ethers": "^5.8.0"
      }
    },
    "node_modules/@ethersproject/abi": {
      "version": "5.8.0",
      "resolved": "http://r.npm.sankuai.com/@ethersproject/abi/download/@ethersproject/abi-5.8.0.tgz",
      "integrity": "sha1-55u1GUCsNf5vMmLX/izbJa1fB9k=",
      "funding": [
        {
          "type": "individual",
          "url": "https://gitcoin.co/grants/13/ethersjs-complete-simple-and-tiny-2"
        },
        {
          "type": "individual",
          "url": "https://www.buymeacoffee.com/ricmoo"
        }
      ],
      "license": "MIT",
      "dependencies": {
        "@ethersproject/address": "^5.8.0",
        "@ethersproject/bignumber": "^5.8.0",
        "@ethersproject/bytes": "^5.8.0",
        "@ethersproject/constants": "^5.8.0",
        "@ethersproject/hash": "^5.8.0",
        "@ethersproject/keccak256": "^5.8.0",
        "@ethersproject/logger": "^5.8.0",
        "@ethersproject/properties": "^5.8.0",
        "@ethersproject/strings": "^5.8.0"
      }
    },
    "node_modules/@ethersproject/abstract-provider": {
      "version": "5.8.0",
      "resolved": "http://r.npm.sankuai.com/@ethersproject/abstract-provider/download/@ethersproject/abstract-provider-5.8.0.tgz",
      "integrity": "sha1-dYH5vmAa+h0CuV0mudmECSajWww=",
      "funding": [
        {
          "type": "individual",
          "url": "https://gitcoin.co/grants/13/ethersjs-complete-simple-and-tiny-2"
        },
        {
          "type": "individual",
          "url": "https://www.buymeacoffee.com/ricmoo"
        }
      ],
      "license": "MIT",
      "dependencies": {
        "@ethersproject/bignumber": "^5.8.0",
        "@ethersproject/bytes": "^5.8.0",
        "@ethersproject/logger": "^5.8.0",
        "@ethersproject/networks": "^5.8.0",
        "@ethersproject/properties": "^5.8.0",
        "@ethersproject/transactions": "^5.8.0",
        "@ethersproject/web": "^5.8.0"
      }
    },
    "node_modules/@ethersproject/abstract-signer": {
      "version": "5.8.0",
      "resolved": "http://r.npm.sankuai.com/@ethersproject/abstract-signer/download/@ethersproject/abstract-signer-5.8.0.tgz",
      "integrity": "sha1-jXQX6V5AlMF5epdi5nicc1bbB1Q=",
      "funding": [
        {
          "type": "individual",
          "url": "https://gitcoin.co/grants/13/ethersjs-complete-simple-and-tiny-2"
        },
        {
          "type": "individual",
          "url": "https://www.buymeacoffee.com/ricmoo"
        }
      ],
      "license": "MIT",
      "dependencies": {
        "@ethersproject/abstract-provider": "^5.8.0",
        "@ethersproject/bignumber": "^5.8.0",
        "@ethersproject/bytes": "^5.8.0",
        "@ethersproject/logger": "^5.8.0",
        "@ethersproject/properties": "^5.8.0"
      }
    },
    "node_modules/@ethersproject/address": {
      "version": "5.8.0",
      "resolved": "http://r.npm.sankuai.com/@ethersproject/address/download/@ethersproject/address-5.8.0.tgz",
      "integrity": "sha1-MAeiw1Lu5WatdF3KHbvr21CmqYM=",
      "funding": [
        {
          "type": "individual",
          "url": "https://gitcoin.co/grants/13/ethersjs-complete-simple-and-tiny-2"
        },
        {
          "type": "individual",
          "url": "https://www.buymeacoffee.com/ricmoo"
        }
      ],
      "license": "MIT",
      "dependencies": {
        "@ethersproject/bignumber": "^5.8.0",
        "@ethersproject/bytes": "^5.8.0",
        "@ethersproject/keccak256": "^5.8.0",
        "@ethersproject/logger": "^5.8.0",
        "@ethersproject/rlp": "^5.8.0"
      }
    },
    "node_modules/@ethersproject/base64": {
      "version": "5.8.0",
      "resolved": "http://r.npm.sankuai.com/@ethersproject/base64/download/@ethersproject/base64-5.8.0.tgz",
      "integrity": "sha1-YcZpxkj25qrQAsIoRl1SrJPug+s=",
      "funding": [
        {
          "type": "individual",
          "url": "https://gitcoin.co/grants/13/ethersjs-complete-simple-and-tiny-2"
        },
        {
          "type": "individual",
          "url": "https://www.buymeacoffee.com/ricmoo"
        }
      ],
      "license": "MIT",
      "dependencies": {
        "@ethersproject/bytes": "^5.8.0"
      }
    },
    "node_modules/@ethersproject/basex": {
      "version": "5.8.0",
      "resolved": "http://r.npm.sankuai.com/@ethersproject/basex/download/@ethersproject/basex-5.8.0.tgz",
      "integrity": "sha1-HSeakMS+hNHBE5EUofhEhp5X0Do=",
      "funding": [
        {
          "type": "individual",
          "url": "https://gitcoin.co/grants/13/ethersjs-complete-simple-and-tiny-2"
        },
        {
          "type": "individual",
          "url": "https://www.buymeacoffee.com/ricmoo"
        }
      ],
      "license": "MIT",
      "dependencies": {
        "@ethersproject/bytes": "^5.8.0",
        "@ethersproject/properties": "^5.8.0"
      }
    },
    "node_modules/@ethersproject/bignumber": {
      "version": "5.8.0",
      "resolved": "http://r.npm.sankuai.com/@ethersproject/bignumber/download/@ethersproject/bignumber-5.8.0.tgz",
      "integrity": "sha1-w4HRePnus3CSPTiShO+hn2nvpdc=",
      "funding": [
        {
          "type": "individual",
          "url": "https://gitcoin.co/grants/13/ethersjs-complete-simple-and-tiny-2"
        },
        {
          "type": "individual",
          "url": "https://www.buymeacoffee.com/ricmoo"
        }
      ],
      "license": "MIT",
      "dependencies": {
        "@ethersproject/bytes": "^5.8.0",
        "@ethersproject/logger": "^5.8.0",
        "bn.js": "^5.2.1"
      }
    },
    "node_modules/@ethersproject/bytes": {
      "version": "5.8.0",
      "resolved": "http://r.npm.sankuai.com/@ethersproject/bytes/download/@ethersproject/bytes-5.8.0.tgz",
      "integrity": "sha1-kHSCDhysdQejQ3LK3rA1RhRjvjQ=",
      "funding": [
        {
          "type": "individual",
          "url": "https://gitcoin.co/grants/13/ethersjs-complete-simple-and-tiny-2"
        },
        {
          "type": "individual",
          "url": "https://www.buymeacoffee.com/ricmoo"
        }
      ],
      "license": "MIT",
      "dependencies": {
        "@ethersproject/logger": "^5.8.0"
      }
    },
    "node_modules/@ethersproject/constants": {
      "version": "5.8.0",
      "resolved": "http://r.npm.sankuai.com/@ethersproject/constants/download/@ethersproject/constants-5.8.0.tgz",
      "integrity": "sha1-EvMcL0MXsROkwZ3pTlCTNkjJBwQ=",
      "funding": [
        {
          "type": "individual",
          "url": "https://gitcoin.co/grants/13/ethersjs-complete-simple-and-tiny-2"
        },
        {
          "type": "individual",
          "url": "https://www.buymeacoffee.com/ricmoo"
        }
      ],
      "license": "MIT",
      "dependencies": {
        "@ethersproject/bignumber": "^5.8.0"
      }
    },
    "node_modules/@ethersproject/contracts": {
      "version": "5.8.0",
      "resolved": "http://r.npm.sankuai.com/@ethersproject/contracts/download/@ethersproject/contracts-5.8.0.tgz",
      "integrity": "sha1-JDo4ouSqPnVyFepk4nb4qMnY7XM=",
      "funding": [
        {
          "type": "individual",
          "url": "https://gitcoin.co/grants/13/ethersjs-complete-simple-and-tiny-2"
        },
        {
          "type": "individual",
          "url": "https://www.buymeacoffee.com/ricmoo"
        }
      ],
      "license": "MIT",
      "dependencies": {
        "@ethersproject/abi": "^5.8.0",
        "@ethersproject/abstract-provider": "^5.8.0",
        "@ethersproject/abstract-signer": "^5.8.0",
        "@ethersproject/address": "^5.8.0",
        "@ethersproject/bignumber": "^5.8.0",
        "@ethersproject/bytes": "^5.8.0",
        "@ethersproject/constants": "^5.8.0",
        "@ethersproject/logger": "^5.8.0",
        "@ethersproject/properties": "^5.8.0",
        "@ethersproject/transactions": "^5.8.0"
      }
    },
    "node_modules/@ethersproject/hash": {
      "version": "5.8.0",
      "resolved": "http://r.npm.sankuai.com/@ethersproject/hash/download/@ethersproject/hash-5.8.0.tgz",
      "integrity": "sha1-uIk9Rim3+EYqkBAlcvjNZaAZK0w=",
      "funding": [
        {
          "type": "individual",
          "url": "https://gitcoin.co/grants/13/ethersjs-complete-simple-and-tiny-2"
        },
        {
          "type": "individual",
          "url": "https://www.buymeacoffee.com/ricmoo"
        }
      ],
      "license": "MIT",
      "dependencies": {
        "@ethersproject/abstract-signer": "^5.8.0",
        "@ethersproject/address": "^5.8.0",
        "@ethersproject/base64": "^5.8.0",
        "@ethersproject/bignumber": "^5.8.0",
        "@ethersproject/bytes": "^5.8.0",
        "@ethersproject/keccak256": "^5.8.0",
        "@ethersproject/logger": "^5.8.0",
        "@ethersproject/properties": "^5.8.0",
        "@ethersproject/strings": "^5.8.0"
      }
    },
    "node_modules/@ethersproject/hdnode": {
      "version": "5.8.0",
      "resolved": "http://r.npm.sankuai.com/@ethersproject/hdnode/download/@ethersproject/hdnode-5.8.0.tgz",
      "integrity": "sha1-pRripQvNSO9v0QjGTLrl5v80p2E=",
      "funding": [
        {
          "type": "individual",
          "url": "https://gitcoin.co/grants/13/ethersjs-complete-simple-and-tiny-2"
        },
        {
          "type": "individual",
          "url": "https://www.buymeacoffee.com/ricmoo"
        }
      ],
      "license": "MIT",
      "dependencies": {
        "@ethersproject/abstract-signer": "^5.8.0",
        "@ethersproject/basex": "^5.8.0",
        "@ethersproject/bignumber": "^5.8.0",
        "@ethersproject/bytes": "^5.8.0",
        "@ethersproject/logger": "^5.8.0",
        "@ethersproject/pbkdf2": "^5.8.0",
        "@ethersproject/properties": "^5.8.0",
        "@ethersproject/sha2": "^5.8.0",
        "@ethersproject/signing-key": "^5.8.0",
        "@ethersproject/strings": "^5.8.0",
        "@ethersproject/transactions": "^5.8.0",
        "@ethersproject/wordlists": "^5.8.0"
      }
    },
    "node_modules/@ethersproject/json-wallets": {
      "version": "5.8.0",
      "resolved": "http://r.npm.sankuai.com/@ethersproject/json-wallets/download/@ethersproject/json-wallets-5.8.0.tgz",
      "integrity": "sha1-0Y3gpM8PGF8jLrPBfV4HRNl+uMk=",
      "funding": [
        {
          "type": "individual",
          "url": "https://gitcoin.co/grants/13/ethersjs-complete-simple-and-tiny-2"
        },
        {
          "type": "individual",
          "url": "https://www.buymeacoffee.com/ricmoo"
        }
      ],
      "license": "MIT",
      "dependencies": {
        "@ethersproject/abstract-signer": "^5.8.0",
        "@ethersproject/address": "^5.8.0",
        "@ethersproject/bytes": "^5.8.0",
        "@ethersproject/hdnode": "^5.8.0",
        "@ethersproject/keccak256": "^5.8.0",
        "@ethersproject/logger": "^5.8.0",
        "@ethersproject/pbkdf2": "^5.8.0",
        "@ethersproject/properties": "^5.8.0",
        "@ethersproject/random": "^5.8.0",
        "@ethersproject/strings": "^5.8.0",
        "@ethersproject/transactions": "^5.8.0",
        "aes-js": "3.0.0",
        "scrypt-js": "3.0.1"
      }
    },
    "node_modules/@ethersproject/keccak256": {
      "version": "5.8.0",
      "resolved": "http://r.npm.sankuai.com/@ethersproject/keccak256/download/@ethersproject/keccak256-5.8.0.tgz",
      "integrity": "sha1-0hI6N5Vn+vLXXSquoHT/1N80nmo=",
      "funding": [
        {
          "type": "individual",
          "url": "https://gitcoin.co/grants/13/ethersjs-complete-simple-and-tiny-2"
        },
        {
          "type": "individual",
          "url": "https://www.buymeacoffee.com/ricmoo"
        }
      ],
      "license": "MIT",
      "dependencies": {
        "@ethersproject/bytes": "^5.8.0",
        "js-sha3": "0.8.0"
      }
    },
    "node_modules/@ethersproject/logger": {
      "version": "5.8.0",
      "resolved": "http://r.npm.sankuai.com/@ethersproject/logger/download/@ethersproject/logger-5.8.0.tgz",
      "integrity": "sha1-8CMpaKT4fSliOgSBaQonMmYnE9Y=",
      "funding": [
        {
          "type": "individual",
          "url": "https://gitcoin.co/grants/13/ethersjs-complete-simple-and-tiny-2"
        },
        {
          "type": "individual",
          "url": "https://www.buymeacoffee.com/ricmoo"
        }
      ],
      "license": "MIT"
    },
    "node_modules/@ethersproject/networks": {
      "version": "5.8.0",
      "resolved": "http://r.npm.sankuai.com/@ethersproject/networks/download/@ethersproject/networks-5.8.0.tgz",
      "integrity": "sha1-i0UXoxOTgMup+wC2P/rQqXlnH94=",
      "funding": [
        {
          "type": "individual",
          "url": "https://gitcoin.co/grants/13/ethersjs-complete-simple-and-tiny-2"
        },
        {
          "type": "individual",
          "url": "https://www.buymeacoffee.com/ricmoo"
        }
      ],
      "license": "MIT",
      "dependencies": {
        "@ethersproject/logger": "^5.8.0"
      }
    },
    "node_modules/@ethersproject/pbkdf2": {
      "version": "5.8.0",
      "resolved": "http://r.npm.sankuai.com/@ethersproject/pbkdf2/download/@ethersproject/pbkdf2-5.8.0.tgz",
      "integrity": "sha1-zSYhEw5d1R9qAXLmOm5KDAoOw34=",
      "funding": [
        {
          "type": "individual",
          "url": "https://gitcoin.co/grants/13/ethersjs-complete-simple-and-tiny-2"
        },
        {
          "type": "individual",
          "url": "https://www.buymeacoffee.com/ricmoo"
        }
      ],
      "license": "MIT",
      "dependencies": {
        "@ethersproject/bytes": "^5.8.0",
        "@ethersproject/sha2": "^5.8.0"
      }
    },
    "node_modules/@ethersproject/properties": {
      "version": "5.8.0",
      "resolved": "http://r.npm.sankuai.com/@ethersproject/properties/download/@ethersproject/properties-5.8.0.tgz",
      "integrity": "sha1-QFqK/7YxGkmpHavZau6uJPR3Ag4=",
      "funding": [
        {
          "type": "individual",
          "url": "https://gitcoin.co/grants/13/ethersjs-complete-simple-and-tiny-2"
        },
        {
          "type": "individual",
          "url": "https://www.buymeacoffee.com/ricmoo"
        }
      ],
      "license": "MIT",
      "dependencies": {
        "@ethersproject/logger": "^5.8.0"
      }
    },
    "node_modules/@ethersproject/providers": {
      "version": "5.8.0",
      "resolved": "http://r.npm.sankuai.com/@ethersproject/providers/download/@ethersproject/providers-5.8.0.tgz",
      "integrity": "sha1-bCrjVPf5buFQQ5994GI2kovATLQ=",
      "funding": [
        {
          "type": "individual",
          "url": "https://gitcoin.co/grants/13/ethersjs-complete-simple-and-tiny-2"
        },
        {
          "type": "individual",
          "url": "https://www.buymeacoffee.com/ricmoo"
        }
      ],
      "license": "MIT",
      "dependencies": {
        "@ethersproject/abstract-provider": "^5.8.0",
        "@ethersproject/abstract-signer": "^5.8.0",
        "@ethersproject/address": "^5.8.0",
        "@ethersproject/base64": "^5.8.0",
        "@ethersproject/basex": "^5.8.0",
        "@ethersproject/bignumber": "^5.8.0",
        "@ethersproject/bytes": "^5.8.0",
        "@ethersproject/constants": "^5.8.0",
        "@ethersproject/hash": "^5.8.0",
        "@ethersproject/logger": "^5.8.0",
        "@ethersproject/networks": "^5.8.0",
        "@ethersproject/properties": "^5.8.0",
        "@ethersproject/random": "^5.8.0",
        "@ethersproject/rlp": "^5.8.0",
        "@ethersproject/sha2": "^5.8.0",
        "@ethersproject/strings": "^5.8.0",
        "@ethersproject/transactions": "^5.8.0",
        "@ethersproject/web": "^5.8.0",
        "bech32": "1.1.4",
        "ws": "8.18.0"
      }
    },
    "node_modules/@ethersproject/random": {
      "version": "5.8.0",
      "resolved": "http://r.npm.sankuai.com/@ethersproject/random/download/@ethersproject/random-5.8.0.tgz",
      "integrity": "sha1-G87QTUlEnzfGQ3xwFzWhoCLwBXo=",
      "funding": [
        {
          "type": "individual",
          "url": "https://gitcoin.co/grants/13/ethersjs-complete-simple-and-tiny-2"
        },
        {
          "type": "individual",
          "url": "https://www.buymeacoffee.com/ricmoo"
        }
      ],
      "license": "MIT",
      "dependencies": {
        "@ethersproject/bytes": "^5.8.0",
        "@ethersproject/logger": "^5.8.0"
      }
    },
    "node_modules/@ethersproject/rlp": {
      "version": "5.8.0",
      "resolved": "http://r.npm.sankuai.com/@ethersproject/rlp/download/@ethersproject/rlp-5.8.0.tgz",
      "integrity": "sha1-Wg1J9hvFPgUVMqUXlHJ3kUFFHeU=",
      "funding": [
        {
          "type": "individual",
          "url": "https://gitcoin.co/grants/13/ethersjs-complete-simple-and-tiny-2"
        },
        {
          "type": "individual",
          "url": "https://www.buymeacoffee.com/ricmoo"
        }
      ],
      "license": "MIT",
      "dependencies": {
        "@ethersproject/bytes": "^5.8.0",
        "@ethersproject/logger": "^5.8.0"
      }
    },
    "node_modules/@ethersproject/sha2": {
      "version": "5.8.0",
      "resolved": "http://r.npm.sankuai.com/@ethersproject/sha2/download/@ethersproject/sha2-5.8.0.tgz",
      "integrity": "sha1-iVSmE7t42sm0aCnAqV3lYe905eE=",
      "funding": [
        {
          "type": "individual",
          "url": "https://gitcoin.co/grants/13/ethersjs-complete-simple-and-tiny-2"
        },
        {
          "type": "individual",
          "url": "https://www.buymeacoffee.com/ricmoo"
        }
      ],
      "license": "MIT",
      "dependencies": {
        "@ethersproject/bytes": "^5.8.0",
        "@ethersproject/logger": "^5.8.0",
        "hash.js": "1.1.7"
      }
    },
    "node_modules/@ethersproject/signing-key": {
      "version": "5.8.0",
      "resolved": "http://r.npm.sankuai.com/@ethersproject/signing-key/download/@ethersproject/signing-key-5.8.0.tgz",
      "integrity": "sha1-l5fgLHF7aCOcY0k5Tqhf6/iJMRk=",
      "funding": [
        {
          "type": "individual",
          "url": "https://gitcoin.co/grants/13/ethersjs-complete-simple-and-tiny-2"
        },
        {
          "type": "individual",
          "url": "https://www.buymeacoffee.com/ricmoo"
        }
      ],
      "license": "MIT",
      "dependencies": {
        "@ethersproject/bytes": "^5.8.0",
        "@ethersproject/logger": "^5.8.0",
        "@ethersproject/properties": "^5.8.0",
        "bn.js": "^5.2.1",
        "elliptic": "6.6.1",
        "hash.js": "1.1.7"
      }
    },
    "node_modules/@ethersproject/solidity": {
      "version": "5.8.0",
      "resolved": "http://r.npm.sankuai.com/@ethersproject/solidity/download/@ethersproject/solidity-5.8.0.tgz",
      "integrity": "sha1-Qpu5/PVSEwepRI1zWMJrk2lTebk=",
      "funding": [
        {
          "type": "individual",
          "url": "https://gitcoin.co/grants/13/ethersjs-complete-simple-and-tiny-2"
        },
        {
          "type": "individual",
          "url": "https://www.buymeacoffee.com/ricmoo"
        }
      ],
      "license": "MIT",
      "dependencies": {
        "@ethersproject/bignumber": "^5.8.0",
        "@ethersproject/bytes": "^5.8.0",
        "@ethersproject/keccak256": "^5.8.0",
        "@ethersproject/logger": "^5.8.0",
        "@ethersproject/sha2": "^5.8.0",
        "@ethersproject/strings": "^5.8.0"
      }
    },
    "node_modules/@ethersproject/strings": {
      "version": "5.8.0",
      "resolved": "http://r.npm.sankuai.com/@ethersproject/strings/download/@ethersproject/strings-5.8.0.tgz",
      "integrity": "sha1-rXn6+/C9Jy2XZWAyFax0/XlTkI8=",
      "funding": [
        {
          "type": "individual",
          "url": "https://gitcoin.co/grants/13/ethersjs-complete-simple-and-tiny-2"
        },
        {
          "type": "individual",
          "url": "https://www.buymeacoffee.com/ricmoo"
        }
      ],
      "license": "MIT",
      "dependencies": {
        "@ethersproject/bytes": "^5.8.0",
        "@ethersproject/constants": "^5.8.0",
        "@ethersproject/logger": "^5.8.0"
      }
    },
    "node_modules/@ethersproject/transactions": {
      "version": "5.8.0",
      "resolved": "http://r.npm.sankuai.com/@ethersproject/transactions/download/@ethersproject/transactions-5.8.0.tgz",
      "integrity": "sha1-HlGIIkA6vJne9aBD0cb2/gAH5Gs=",
      "funding": [
        {
          "type": "individual",
          "url": "https://gitcoin.co/grants/13/ethersjs-complete-simple-and-tiny-2"
        },
        {
          "type": "individual",
          "url": "https://www.buymeacoffee.com/ricmoo"
        }
      ],
      "license": "MIT",
      "dependencies": {
        "@ethersproject/address": "^5.8.0",
        "@ethersproject/bignumber": "^5.8.0",
        "@ethersproject/bytes": "^5.8.0",
        "@ethersproject/constants": "^5.8.0",
        "@ethersproject/keccak256": "^5.8.0",
        "@ethersproject/logger": "^5.8.0",
        "@ethersproject/properties": "^5.8.0",
        "@ethersproject/rlp": "^5.8.0",
        "@ethersproject/signing-key": "^5.8.0"
      }
    },
    "node_modules/@ethersproject/units": {
      "version": "5.8.0",
      "resolved": "http://r.npm.sankuai.com/@ethersproject/units/download/@ethersproject/units-5.8.0.tgz",
      "integrity": "sha1-wS80unw6LeDp+g7Q7jLz5GxcLGo=",
      "funding": [
        {
          "type": "individual",
          "url": "https://gitcoin.co/grants/13/ethersjs-complete-simple-and-tiny-2"
        },
        {
          "type": "individual",
          "url": "https://www.buymeacoffee.com/ricmoo"
        }
      ],
      "license": "MIT",
      "dependencies": {
        "@ethersproject/bignumber": "^5.8.0",
        "@ethersproject/constants": "^5.8.0",
        "@ethersproject/logger": "^5.8.0"
      }
    },
    "node_modules/@ethersproject/wallet": {
      "version": "5.8.0",
      "resolved": "http://r.npm.sankuai.com/@ethersproject/wallet/download/@ethersproject/wallet-5.8.0.tgz",
      "integrity": "sha1-ScMA0Qhy5phtlT6DENwz1EDagSc=",
      "funding": [
        {
          "type": "individual",
          "url": "https://gitcoin.co/grants/13/ethersjs-complete-simple-and-tiny-2"
        },
        {
          "type": "individual",
          "url": "https://www.buymeacoffee.com/ricmoo"
        }
      ],
      "license": "MIT",
      "dependencies": {
        "@ethersproject/abstract-provider": "^5.8.0",
        "@ethersproject/abstract-signer": "^5.8.0",
        "@ethersproject/address": "^5.8.0",
        "@ethersproject/bignumber": "^5.8.0",
        "@ethersproject/bytes": "^5.8.0",
        "@ethersproject/hash": "^5.8.0",
        "@ethersproject/hdnode": "^5.8.0",
        "@ethersproject/json-wallets": "^5.8.0",
        "@ethersproject/keccak256": "^5.8.0",
        "@ethersproject/logger": "^5.8.0",
        "@ethersproject/properties": "^5.8.0",
        "@ethersproject/random": "^5.8.0",
        "@ethersproject/signing-key": "^5.8.0",
        "@ethersproject/transactions": "^5.8.0",
        "@ethersproject/wordlists": "^5.8.0"
      }
    },
    "node_modules/@ethersproject/web": {
      "version": "5.8.0",
      "resolved": "http://r.npm.sankuai.com/@ethersproject/web/download/@ethersproject/web-5.8.0.tgz",
      "integrity": "sha1-PlS63AATt6gBRjpwCKh5iO/Oijc=",
      "funding": [
        {
          "type": "individual",
          "url": "https://gitcoin.co/grants/13/ethersjs-complete-simple-and-tiny-2"
        },
        {
          "type": "individual",
          "url": "https://www.buymeacoffee.com/ricmoo"
        }
      ],
      "license": "MIT",
      "dependencies": {
        "@ethersproject/base64": "^5.8.0",
        "@ethersproject/bytes": "^5.8.0",
        "@ethersproject/logger": "^5.8.0",
        "@ethersproject/properties": "^5.8.0",
        "@ethersproject/strings": "^5.8.0"
      }
    },
    "node_modules/@ethersproject/wordlists": {
      "version": "5.8.0",
      "resolved": "http://r.npm.sankuai.com/@ethersproject/wordlists/download/@ethersproject/wordlists-5.8.0.tgz",
      "integrity": "sha1-elZU7o0bsfTb5D+R0hc1bWUK2CE=",
      "funding": [
        {
          "type": "individual",
          "url": "https://gitcoin.co/grants/13/ethersjs-complete-simple-and-tiny-2"
        },
        {
          "type": "individual",
          "url": "https://www.buymeacoffee.com/ricmoo"
        }
      ],
      "license": "MIT",
      "dependencies": {
        "@ethersproject/bytes": "^5.8.0",
        "@ethersproject/hash": "^5.8.0",
        "@ethersproject/logger": "^5.8.0",
        "@ethersproject/properties": "^5.8.0",
        "@ethersproject/strings": "^5.8.0"
      }
    },
    "node_modules/aes-js": {
      "version": "3.0.0",
      "resolved": "http://r.npm.sankuai.com/aes-js/download/aes-js-3.0.0.tgz",
      "integrity": "sha1-4h3xCtbCBTKVvLuNq0Cwnb6ofk0=",
      "license": "MIT"
    },
    "node_modules/bech32": {
      "version": "1.1.4",
      "resolved": "http://r.npm.sankuai.com/bech32/download/bech32-1.1.4.tgz",
      "integrity": "sha1-44yfN78Xm46xauOncrQMNW1IMuk=",
      "license": "MIT"
    },
    "node_modules/bn.js": {
      "version": "5.2.5",
      "resolved": "http://r.npm.sankuai.com/bn.js/download/bn.js-5.2.5.tgz",
      "integrity": "sha1-6BzkHPJebwzR4F8gqduMGEBeN18=",
      "license": "MIT"
    },
    "node_modules/brorand": {
      "version": "1.1.0",
      "resolved": "http://r.npm.sankuai.com/brorand/download/brorand-1.1.0.tgz",
      "integrity": "sha1-EsJe/kCkXjwyPrhnWgoM5XsiNx8=",
      "license": "MIT"
    },
    "node_modules/elliptic": {
      "version": "6.6.1",
      "resolved": "http://r.npm.sankuai.com/elliptic/download/elliptic-6.6.1.tgz",
      "integrity": "sha1-O4/7AmcL9p44LH9lv1JMl8VAXAY=",
      "license": "MIT",
      "dependencies": {
        "bn.js": "^4.11.9",
        "brorand": "^1.1.0",
        "hash.js": "^1.0.0",
        "hmac-drbg": "^1.0.1",
        "inherits": "^2.0.4",
        "minimalistic-assert": "^1.0.1",
        "minimalistic-crypto-utils": "^1.0.1"
      }
    },
    "node_modules/elliptic/node_modules/bn.js": {
      "version": "4.12.5",
      "resolved": "http://r.npm.sankuai.com/bn.js/download/bn.js-4.12.5.tgz",
      "integrity": "sha1-dPEZ/+zYIxaNGI6uBtl+pAg1xIk=",
      "license": "MIT"
    },
    "node_modules/ethers": {
      "version": "5.8.0",
      "resolved": "http://r.npm.sankuai.com/ethers/download/ethers-5.8.0.tgz",
      "integrity": "sha1-l4WNxNTHSvzoPqdWL+lJPO2003c=",
      "funding": [
        {
          "type": "individual",
          "url": "https://gitcoin.co/grants/13/ethersjs-complete-simple-and-tiny-2"
        },
        {
          "type": "individual",
          "url": "https://www.buymeacoffee.com/ricmoo"
        }
      ],
      "license": "MIT",
      "dependencies": {
        "@ethersproject/abi": "5.8.0",
        "@ethersproject/abstract-provider": "5.8.0",
        "@ethersproject/abstract-signer": "5.8.0",
        "@ethersproject/address": "5.8.0",
        "@ethersproject/base64": "5.8.0",
        "@ethersproject/basex": "5.8.0",
        "@ethersproject/bignumber": "5.8.0",
        "@ethersproject/bytes": "5.8.0",
        "@ethersproject/constants": "5.8.0",
        "@ethersproject/contracts": "5.8.0",
        "@ethersproject/hash": "5.8.0",
        "@ethersproject/hdnode": "5.8.0",
        "@ethersproject/json-wallets": "5.8.0",
        "@ethersproject/keccak256": "5.8.0",
        "@ethersproject/logger": "5.8.0",
        "@ethersproject/networks": "5.8.0",
        "@ethersproject/pbkdf2": "5.8.0",
        "@ethersproject/properties": "5.8.0",
        "@ethersproject/providers": "5.8.0",
        "@ethersproject/random": "5.8.0",
        "@ethersproject/rlp": "5.8.0",
        "@ethersproject/sha2": "5.8.0",
        "@ethersproject/signing-key": "5.8.0",
        "@ethersproject/solidity": "5.8.0",
        "@ethersproject/strings": "5.8.0",
        "@ethersproject/transactions": "5.8.0",
        "@ethersproject/units": "5.8.0",
        "@ethersproject/wallet": "5.8.0",
        "@ethersproject/web": "5.8.0",
        "@ethersproject/wordlists": "5.8.0"
      }
    },
    "node_modules/hash.js": {
      "version": "1.1.7",
      "resolved": "http://r.npm.sankuai.com/hash.js/download/hash.js-1.1.7.tgz",
      "integrity": "sha1-C6vKU46NTuSg+JiNaIZlN6ADz0I=",
      "license": "MIT",
      "dependencies": {
        "inherits": "^2.0.3",
        "minimalistic-assert": "^1.0.1"
      }
    },
    "node_modules/hmac-drbg": {
      "version": "1.0.1",
      "resolved": "http://r.npm.sankuai.com/hmac-drbg/download/hmac-drbg-1.0.1.tgz",
      "integrity": "sha1-0nRXAQJabHdabFRXk+1QL8DGSaE=",
      "license": "MIT",
      "dependencies": {
        "hash.js": "^1.0.3",
        "minimalistic-assert": "^1.0.0",
        "minimalistic-crypto-utils": "^1.0.1"
      }
    },
    "node_modules/inherits": {
      "version": "2.0.4",
      "resolved": "http://r.npm.sankuai.com/inherits/download/inherits-2.0.4.tgz",
      "integrity": "sha1-D6LGT5MpF8NDOg3tVTY6rjdBa3w=",
      "license": "ISC"
    },
    "node_modules/js-sha3": {
      "version": "0.8.0",
      "resolved": "http://r.npm.sankuai.com/js-sha3/download/js-sha3-0.8.0.tgz",
      "integrity": "sha1-ubel2nOvrX3t0PjEY5VMveaBiEA=",
      "license": "MIT"
    },
    "node_modules/minimalistic-assert": {
      "version": "1.0.1",
      "resolved": "http://r.npm.sankuai.com/minimalistic-assert/download/minimalistic-assert-1.0.1.tgz",
      "integrity": "sha1-LhlN4ERibUoQ5/f7wAznPoPk1cc=",
      "license": "ISC"
    },
    "node_modules/minimalistic-crypto-utils": {
      "version": "1.0.1",
      "resolved": "http://r.npm.sankuai.com/minimalistic-crypto-utils/download/minimalistic-crypto-utils-1.0.1.tgz",
      "integrity": "sha1-9sAMHAsIIkblxNmd+4x8CDsrWCo=",
      "license": "MIT"
    },
    "node_modules/scrypt-js": {
      "version": "3.0.1",
      "resolved": "http://r.npm.sankuai.com/scrypt-js/download/scrypt-js-3.0.1.tgz",
      "integrity": "sha1-0xSlfCrvadGtmKE4oh/p6vqe4xI=",
      "license": "MIT"
    },
    "node_modules/ws": {
      "version": "8.18.0",
      "resolved": "http://r.npm.sankuai.com/ws/download/ws-8.18.0.tgz",
      "integrity": "sha1-DXUFpur+Kw5xLSMrQiefU7wom7w=",
      "license": "MIT",
      "engines": {
        "node": ">=10.0.0"
      },
      "peerDependencies": {
        "bufferutil": "^4.0.1",
        "utf-8-validate": ">=5.0.2"
      },
      "peerDependenciesMeta": {
        "bufferutil": {
          "optional": true
        },
        "utf-8-validate": {
          "optional": true
        }
      }
    }
  }
}
